// !$*UTF8*$!
{
	archiveVersion = 1;
	classes = {
	};
	objectVersion = 46;
	objects = {

/* Begin PBXBuildFile section */
		928432781DCC1A3E00457182 /* main.c in Sources */ = {isa = PBXBuildFile; fileRef = 928432771DCC1A3E00457182 /* main.c */; };
		928432801DCC1A6100457182 /* person.c in Sources */ = {isa = PBXBuildFile; fileRef = 9284327E1DCC1A6100457182 /* person.c */; };
/* End PBXBuildFile section */

/* Begin PBXCopyFilesBuildPhase section */
		928432721DCC1A3E00457182 /* CopyFiles */ = {
			isa = PBXCopyFilesBuildPhase;
			buildActionMask = 2147483647;
			dstPath = /usr/share/man/man1/;
			dstSubfolderSpec = 0;
			files = (
			);
			runOnlyForDeploymentPostprocessing = 1;
		};
/* End PBXCopyFilesBuildPhase section */

/* Begin PBXFileReference section */
		928432741DCC1A3E00457182 /* c语言测试 */ = {isa = PBXFileReference; explicitFileType = "compiled.mach-o.executable"; includeInIndex = 0; path = "c语言测试"; sourceTree = BUILT_PRODUCTS_DIR; };
		928432771DCC1A3E00457182 /* main.c */ = {isa = PBXFileReference; lastKnownFileType = sourcecode.c.c; path = main.c; sourceTree = "<group>"; };
		9284327E1DCC1A6100457182 /* person.c */ = {isa = PBXFileReference; fileEncoding = 4; lastKnownFileType = sourcecode.c.c; path = person.c; sourceTree = "<group>"; };
		9284327F1DCC1A6100457182 /* person.h */ = {isa = PBXFileReference; fileEncoding = 4; lastKnownFileType = sourcecode.c.h; path = person.h; sourceTree = "<group>"; };
/* End PBXFileReference section */

/* Begin PBXFrameworksBuildPhase section */
		928432711DCC1A3E00457182 /* Frameworks */ = {
			isa = PBXFrameworksBuildPhase;
			buildActionMask = 2147483647;
			files = (
			);
			runOnlyForDeploymentPostprocessing = 0;
		};
/* End PBXFrameworksBuildPhase section */

/* Begin PBXGroup section */
		9284326B1DCC1A3E00457182 = {
			isa = PBXGroup;
			children = (
				928432761DCC1A3E00457182 /* c语言测试 */,
				928432751DCC1A3E00457182 /* Products */,
			);
			sourceTree = "<group>";
		};
		928432751DCC1A3E00457182 /* Products */ = {
			isa = PBXGroup;
			children = (
				928432741DCC1A3E00457182 /* c语言测试 */,
			);
			name = Products;
			sourceTree = "<group>";
		};
		928432761DCC1A3E00457182 /* c语言测试 */ = {
			isa = PBXGroup;
			children = (
				928432771DCC1A3E00457182 /* main.c */,
				9284327E1DCC1A6100457182 /* person.c */,
				9284327F1DCC1A6100457182 /* person.h */,
			);
			path = "c语言测试";
			sourceTree = "<group>";
		};
/* End PBXGroup section */

/* Begin PBXNativeTarget section */
		928432731DCC1A3E00457182 /* c语言测试 */ = {
			isa = PBXNativeTarget;
			buildConfigurationList = 9284327B1DCC1A3E00457182 /* Build configuration list for PBXNativeTarget "c语言测试" */;
			buildPhases = (
				928432701DCC1A3E00457182 /* Sources */,
				928432711DCC1A3E00457182 /* Frameworks */,
				928432721DCC1A3E00457182 /* CopyFiles */,
			);
			buildRules = (
			);
			dependencies = (
			);
			name = "c语言测试";
			productName = "c语言测试";
			productReference = 928432741DCC1A3E00457182 /* c语言测试 */;
			productType = "com.apple.product-type.tool";
		};
/* End PBXNativeTarget section */

/* Begin PBXProject section */
		9284326C1DCC1A3E00457182 /* Project object */ = {
			isa = PBXProject;
			attributes = {
				LastUpgradeCheck = 0730;
				ORGANIZATIONNAME = "swxa@saasliubobo";
				TargetAttributes = {
					928432731DCC1A3E00457182 = {
						CreatedOnToolsVersion = 7.3.1;
					};
				};
			};
			buildConfigurationList = 9284326F1DCC1A3E00457182 /* Build configuration list for PBXProject "c语言测试" */;
			compatibilityVersion = "Xcode 3.2";
			developmentRegion = English;
			hasScannedForEncodings = 0;
			knownRegions = (
				en,
			);
			mainGroup = 9284326B1DCC1A3E00457182;
			productRefGroup = 928432751DCC1A3E00457182 /* Products */;
			projectDirPath = "";
			projectRoot = "";
			targets = (
				928432731DCC1A3E00457182 /* c语言测试 */,
			);
		};
/* End PBXProject section */

/* Begin PBXSourcesBuildPhase section */
		928432701DCC1A3E00457182 /* Sources */ = {
			isa = PBXSourcesBuildPhase;
			buildActionMask = 2147483647;
			files = (
				928432801DCC1A6100457182 /* person.c in Sources */,
				928432781DCC1A3E00457182 /* main.c in Sources */,
			);
			runOnlyForDeploymentPostprocessing = 0;
		};
/* End PBXSourcesBuildPhase section */

/* Begin XCBuildConfiguration section */
		928432791DCC1A3E00457182 /* Debug */ = {
			isa = XCBuildConfiguration;
			buildSettings = {
				ALWAYS_SEARCH_USER_PATHS = NO;
				CLANG_ANALYZER_NONNULL = YES;
				CLANG_CXX_LANGUAGE_STANDARD = "gnu++0x";
				CLANG_CXX_LIBRARY = "libc++";
				CLANG_ENABLE_MODULES = YES;
				CLANG_ENABLE_OBJC_ARC = YES;
				CLANG_WARN_BOOL_CONVERSION = YES;
				CLANG_WARN_CONSTANT_CONVERSION = YES;
				CLANG_WARN_DIRECT_OBJC_ISA_USAGE = YES_ERROR;
				CLANG_WARN_EMPTY_BODY = YES;
				CLANG_WARN_ENUM_CONVERSION = YES;
				CLANG_WARN_INT_CONVERSION = YES;
				CLANG_WARN_OBJC_ROOT_CLASS = YES_ERROR;
				CLANG_WARN_UNREACHABLE_CODE = YES;
				CLANG_WARN__DUPLICATE_METHOD_MATCH = YES;
				CODE_SIGN_IDENTITY = "-";
				COPY_PHASE_STRIP = NO;
				DEBUG_INFORMATION_FORMAT = dwarf;
				ENABLE_STRICT_OBJC_MSGSEND = YES;
				ENABLE_TESTABILITY = YES;
				GCC_C_LANGUAGE_STANDARD = gnu99;
				GCC_DYNAMIC_NO_PIC = NO;
				GCC_NO_COMMON_BLOCKS = YES;
				GCC_OPTIMIZATION_LEVEL = 0;
				GCC_PREPROCESSOR_DEFINITIONS = (
					"DEBUG=1",
					"$(inherited)",
				);
				GCC_WARN_64_TO_32_BIT_CONVERSION = YES;
				GCC_WARN_ABOUT_RETURN_TYPE = YES_ERROR;
				GCC_WARN_UNDECLARED_SELECTOR = YES;
				GCC_WARN_UNINITIALIZED_AUTOS = YES_AGGRESSIVE;
				GCC_WARN_UNUSED_FUNCTION = YES;
				GCC_WARN_UNUSED_VARIABLE = YES;
				MACOSX_DEPLOYMENT_TARGET = 10.11;
				MTL_ENABLE_DEBUG_INFO = YES;
				ONLY_ACTIVE_ARCH = YES;
				SDKROOT = macosx;
			};
			name = Debug;
		};
		9284327A1DCC1A3E00457182 /* Release */ = {
			isa = XCBuildConfiguration;
			buildSettings = {
				ALWAYS_SEARCH_USER_PATHS = NO;
				CLANG_ANALYZER_NONNULL = YES;
				CLANG_CXX_LANGUAGE_STANDARD = "gnu++0x";
				CLANG_CXX_LIBRARY = "libc++";
				CLANG_ENABLE_MODULES = YES;
				CLANG_ENABLE_OBJC_ARC = YES;
				CLANG_WARN_BOOL_CONVERSION = YES;
				CLANG_WARN_CONSTANT_CONVERSION = YES;
				CLANG_WARN_DIRECT_OBJC_ISA_USAGE = YES_ERROR;
				CLANG_WARN_EMPTY_BODY = YES;
				CLANG_WARN_ENUM_CONVERSION = YES;
				CLANG_WARN_INT_CONVERSION = YES;
				CLANG_WARN_OBJC_ROOT_CLASS = YES_ERROR;
				CLANG_WARN_UNREACHABLE_CODE = YES;
				CLANG_WARN__DUPLICATE_METHOD_MATCH = YES;
				CODE_SIGN_IDENTITY = "-";
				COPY_PHASE_STRIP = NO;
				DEBUG_INFORMATION_FORMAT = "dwarf-with-dsym";
				ENABLE_NS_ASSERTIONS = NO;
				ENABLE_STRICT_OBJC_MSGSEND = YES;
				GCC_C_LANGUAGE_STANDARD = gnu99;
				GCC_NO_COMMON_BLOCKS = YES;
				GCC_WARN_64_TO_32_BIT_CONVERSION = YES;
				GCC_WARN_ABOUT_RETURN_TYPE = YES_ERROR;
				GCC_WARN_UNDECLARED_SELECTOR = YES;
				GCC_WARN_UNINITIALIZED_AUTOS = YES_AGGRESSIVE;
				GCC_WARN_UNUSED_FUNCTION = YES;
				GCC_WARN_UNUSED_VARIABLE = YES;
				MACOSX_DEPLOYMENT_TARGET = 10.11;
				MTL_ENABLE_DEBUG_INFO = NO;
				SDKROOT = macosx;
			};
			name = Release;
		};
		9284327C1DCC1A3E00457182 /* Debug */ = {
			isa = XCBuildConfiguration;
			buildSettings = {
				PRODUCT_NAME = "$(TARGET_NAME)";
			};
			name = Debug;
		};
		9284327D1DCC1A3E00457182 /* Release */ = {
			isa = XCBuildConfiguration;
			buildSettings = {
				PRODUCT_NAME = "$(TARGET_NAME)";
			};
			name = Release;
		};
/* End XCBuildConfiguration section */

/* Begin XCConfigurationList section */
		9284326F1DCC1A3E00457182 /* Build configuration list for PBXProject "c语言测试" */ = {
			isa = XCConfigurationList;
			buildConfigurations = (
				928432791DCC1A3E00457182 /* Debug */,
				9284327A1DCC1A3E00457182 /* Release */,
			);
			defaultConfigurationIsVisible = 0;
			defaultConfigurationName = Release;
		};
		9284327B1DCC1A3E00457182 /* Build configuration list for PBXNativeTarget "c语言测试" */ = {
			isa = XCConfigurationList;
			buildConfigurations = (
				9284327C1DCC1A3E00457182 /* Debug */,
				9284327D1DCC1A3E00457182 /* Release */,
			);
			defaultConfigurationIsVisible = 0;
		};
/* End XCConfigurationList section */
	};
	rootObject = 9284326C1DCC1A3E00457182 /* Project object */;
}
